github.com/dancsecs/szargs v0.1.15 h1:3DdFE+gTK7JgDlUYi5mJnfaYBGYr6y2UI32Aqn1YIWI=
github.com/dancsecs/szargs v0.1.15/go.mod h1:4N86mItzjdaDSudBIhS+X7H8w29y6SevMq6Q+9b/y8k=
github.com/dancsecs/szargs v0.1.16 h1:LirD9SyMbrREojQkgJrqxs9B3hxFTxiuQDf9jHfb3l8=
github.com/dancsecs/szargs v0.1.16/go.mod h1:4N86mItzjdaDSudBIhS+X7H8w29y6SevMq6Q+9b/y8k=
github.com/dancsecs/szlog v0.0.15 h1:UfsUNpONT+QkXc9S2qKQAqCpmhEkkhCIvUxF72AOGfo=
github.com/dancsecs/szlog v0.0.15/go.mod h1:GVZocTbWOaKf8DpExv4YHYpbMBh3lmdxW/RcHLQx3/g=
github.com/dancsecs/sztest v0.1.7 h1:se+e5k/XCszKIjA2E7EVccfjlbyw0rqhAm/Gw93Qf6A=
github.com/dancsecs/sztest v0.1.7/go.mod h1:3j1h9eWcBMjCAVUZ4MoI/Y/wSVgMAIQPwqiKmK6jmmo=
github.com/dancsecs/sztestlog v0.0.15 h1:Uv2oDbg2IiHJiv836jn1WBZQgOxod5puoLX3SMO7EZs=
github.com/dancsecs/sztestlog v0.0.15/go.mod h1:24cJn1heA9plpUakyiIl/o5+FkG+F1O8iuH5CORJW5M=
github.com/google/go-cmp v0.6.0 h1:ofyhxvXcZhMsU5ulbFiLKl/XBFqE1GSq7atu8tAmTRI=
github.com/google/go-cmp v0.6.0/go.mod h1:17dUlkBOakJ0+DkrSSNjCkIjxS6bF9zb3elmeNGIjoY=
github.com/hexops/gotextdiff v1.0.3 h1:gitA9+qJrrTCsiCl7+kh75nPqQt1cx4ZkudSTLoUqJM=
github.com/hexops/gotextdiff v1.0.3/go.mod h1:pSWU5MAI3yDq+fZBTazCSJysOMbxWL1BSow5/V2vxeg=
golang.org/x/mod v0.35.0 h1:Ww1D637e6Pg+Zb2KrWfHQUnH2dQRLBQyAtpr/haaJeM=
golang.org/x/mod v0.35.0/go.mod h1:+GwiRhIInF8wPm+4AoT6L0FA1QWAad3OMdTRx4tFYlU=
golang.org/x/sync v0.20.0 h1:e0PTpb7pjO8GAtTs2dQ6jYa5BWYlMuX047Dco/pItO4=
golang.org/x/sync v0.20.0/go.mod h1:9xrNwdLfx4jkKbNva9FpL6vEN7evnE43NNNJQ2LF3+0=
golang.org/x/text v0.36.0 h1:JfKh3XmcRPqZPKevfXVpI1wXPTqbkE5f7JA92a55Yxg=
golang.org/x/text v0.36.0/go.mod h1:NIdBknypM8iqVmPiuco0Dh6P5Jcdk8lJL0CUebqK164=
golang.org/x/tools v0.44.0 h1:UP4ajHPIcuMjT1GqzDWRlalUEoY+uzoZKnhOjbIPD2c=
golang.org/x/tools v0.44.0/go.mod h1:KA0AfVErSdxRZIsOVipbv3rQhVXTnlU6UhKxHd1seDI=
